// !$*UTF8*$!
{
	archiveVersion = 1;
	classes = {
	};
	objectVersion = 46;
	objects = {

/* Begin PBXBuildFile section */
		507448741BE553BA00BABA72 /* RecordedAudio.swift in Sources */ = {isa = PBXBuildFile; fileRef = 507448731BE553BA00BABA72 /* RecordedAudio.swift */; settings = {ASSET_TAGS = (); }; };
		50A6E4401BD6BE290091D957 /* AppDelegate.swift in Sources */ = {isa = PBXBuildFile; fileRef = 50A6E43F1BD6BE290091D957 /* AppDelegate.swift */; };
		50A6E4421BD6BE290091D957 /* RecordSoundsViewController.swift in Sources */ = {isa = PBXBuildFile; fileRef = 50A6E4411BD6BE290091D957 /* RecordSoundsViewController.swift */; };
		50A6E4451BD6BE290091D957 /* Main.storyboard in Resources */ = {isa = PBXBuildFile; fileRef = 50A6E4431BD6BE290091D957 /* Main.storyboard */; };
		50A6E4471BD6BE290091D957 /* Assets.xcassets in Resources */ = {isa = PBXBuildFile; fileRef = 50A6E4461BD6BE290091D957 /* Assets.xcassets */; };
		50A6E44A1BD6BE290091D957 /* LaunchScreen.storyboard in Resources */ = {isa = PBXBuildFile; fileRef = 50A6E4481BD6BE290091D957 /* LaunchScreen.storyboard */; };
		50A6E4551BD6BE290091D957 /* PitchPerfectTests.swift in Sources */ = {isa = PBXBuildFile; fileRef = 50A6E4541BD6BE290091D957 /* PitchPerfectTests.swift */; };
		50A6E4601BD6BE290091D957 /* PitchPerfectUITests.swift in Sources */ = {isa = PBXBuildFile; fileRef = 50A6E45F1BD6BE290091D957 /* PitchPerfectUITests.swift */; };
		50A6E46E1BDC0E530091D957 /* PlaySoundsViewController.swift in Sources */ = {isa = PBXBuildFile; fileRef = 50A6E46D1BDC0E530091D957 /* PlaySoundsViewController.swift */; settings = {ASSET_TAGS = (); }; };
		50A6E4701BDC19100091D957 /* AVFoundation.framework in Frameworks */ = {isa = PBXBuildFile; fileRef = 50A6E46F1BDC19100091D957 /* AVFoundation.framework */; };
/* End PBXBuildFile section */

/* Begin PBXContainerItemProxy section */
		50A6E4511BD6BE290091D957 /* PBXContainerItemProxy */ = {
			isa = PBXContainerItemProxy;
			containerPortal = 50A6E4341BD6BE290091D957 /* Project object */;
			proxyType = 1;
			remoteGlobalIDString = 50A6E43B1BD6BE290091D957;
			remoteInfo = PitchPerfect;
		};
		50A6E45C1BD6BE290091D957 /* PBXContainerItemProxy */ = {
			isa = PBXContainerItemProxy;
			containerPortal = 50A6E4341BD6BE290091D957 /* Project object */;
			proxyType = 1;
			remoteGlobalIDString = 50A6E43B1BD6BE290091D957;
			remoteInfo = PitchPerfect;
		};
/* End PBXContainerItemProxy section */

/* Begin PBXFileReference section */
		507448731BE553BA00BABA72 /* RecordedAudio.swift */ = {isa = PBXFileReference; fileEncoding = 4; lastKnownFileType = sourcecode.swift; path = RecordedAudio.swift; sourceTree = "<group>"; };
		50A6E43C1BD6BE290091D957 /* PitchPerfect.app */ = {isa = PBXFileReference; explicitFileType = wrapper.application; includeInIndex = 0; path = PitchPerfect.app; sourceTree = BUILT_PRODUCTS_DIR; };
		50A6E43F1BD6BE290091D957 /* AppDelegate.swift */ = {isa = PBXFileReference; lastKnownFileType = sourcecode.swift; path = AppDelegate.swift; sourceTree = "<group>"; };
		50A6E4411BD6BE290091D957 /* RecordSoundsViewController.swift */ = {isa = PBXFileReference; lastKnownFileType = sourcecode.swift; path = RecordSoundsViewController.swift; sourceTree = "<group>"; };
		50A6E4441BD6BE290091D957 /* Base */ = {isa = PBXFileReference; lastKnownFileType = file.storyboard; name = Base; path = Base.lproj/Main.storyboard; sourceTree = "<group>"; };
		50A6E4461BD6BE290091D957 /* Assets.xcassets */ = {isa = PBXFileReference; lastKnownFileType = folder.assetcatalog; path = Assets.xcassets; sourceTree = "<group>"; };
		50A6E4491BD6BE290091D957 /* Base */ = {isa = PBXFileReference; lastKnownFileType = file.storyboard; name = Base; path = Base.lproj/LaunchScreen.storyboard; sourceTree = "<group>"; };
		50A6E44B1BD6BE290091D957 /* Info.plist */ = {isa = PBXFileReference; lastKnownFileType = text.plist.xml; path = Info.plist; sourceTree = "<group>"; };
		50A6E4501BD6BE290091D957 /* PitchPerfectTests.xctest */ = {isa = PBXFileReference; explicitFileType = wrapper.cfbundle; includeInIndex = 0; path = PitchPerfectTests.xctest; sourceTree = BUILT_PRODUCTS_DIR; };
		50A6E4541BD6BE290091D957 /* PitchPerfectTests.swift */ = {isa = PBXFileReference; lastKnownFileType = sourcecode.swift; path = PitchPerfectTests.swift; sourceTree = "<group>"; };
		50A6E4561BD6BE290091D957 /* Info.plist */ = {isa = PBXFileReference; lastKnownFileType = text.plist.xml; path = Info.plist; sourceTree = "<group>"; };
		50A6E45B1BD6BE290091D957 /* PitchPerfectUITests.xctest */ = {isa = PBXFileReference; explicitFileType = wrapper.cfbundle; includeInIndex = 0; path = PitchPerfectUITests.xctest; sourceTree = BUILT_PRODUCTS_DIR; };
		50A6E45F1BD6BE290091D957 /* PitchPerfectUITests.swift */ = {isa = PBXFileReference; lastKnownFileType = sourcecode.swift; path = PitchPerfectUITests.swift; sourceTree = "<group>"; };
		50A6E4611BD6BE290091D957 /* Info.plist */ = {isa = PBXFileReference; lastKnownFileType = text.plist.xml; path = Info.plist; sourceTree = "<group>"; };
		50A6E46D1BDC0E530091D957 /* PlaySoundsViewController.swift */ = {isa = PBXFileReference; fileEncoding = 4; lastKnownFileType = sourcecode.swift; path = PlaySoundsViewController.swift; sourceTree = "<group>"; };
		50A6E46F1BDC19100091D957 /* AVFoundation.framework */ = {isa = PBXFileReference; lastKnownFileType = wrapper.framework; name = AVFoundation.framework; path = System/Library/Frameworks/AVFoundation.framework; sourceTree = SDKROOT; };
/* End PBXFileReference section */

/* Begin PBXFrameworksBuildPhase section */
		50A6E4391BD6BE290091D957 /* Frameworks */ = {
			isa = PBXFrameworksBuildPhase;
			buildActionMask = 2147483647;
			files = (
				50A6E4701BDC19100091D957 /* AVFoundation.framework in Frameworks */,
			);
			runOnlyForDeploymentPostprocessing = 0;
		};
		50A6E44D1BD6BE290091D957 /* Frameworks */ = {
			isa = PBXFrameworksBuildPhase;
			buildActionMask = 2147483647;
			files = (
			);
			runOnlyForDeploymentPostprocessing = 0;
		};
		50A6E4581BD6BE290091D957 /* Frameworks */ = {
			isa = PBXFrameworksBuildPhase;
			buildActionMask = 2147483647;
			files = (
			);
			runOnlyForDeploymentPostprocessing = 0;
		};
/* End PBXFrameworksBuildPhase section */

/* Begin PBXGroup section */
		50A6E4331BD6BE290091D957 = {
			isa = PBXGroup;
			children = (
				50A6E46F1BDC19100091D957 /* AVFoundation.framework */,
				50A6E43E1BD6BE290091D957 /* PitchPerfect */,
				50A6E4531BD6BE290091D957 /* PitchPerfectTests */,
				50A6E45E1BD6BE290091D957 /* PitchPerfectUITests */,
				50A6E43D1BD6BE290091D957 /* Products */,
			);
			sourceTree = "<group>";
		};
		50A6E43D1BD6BE290091D957 /* Products */ = {
			isa = PBXGroup;
			children = (
				50A6E43C1BD6BE290091D957 /* PitchPerfect.app */,
				50A6E4501BD6BE290091D957 /* PitchPerfectTests.xctest */,
				50A6E45B1BD6BE290091D957 /* PitchPerfectUITests.xctest */,
			);
			name = Products;
			sourceTree = "<group>";
		};
		50A6E43E1BD6BE290091D957 /* PitchPerfect */ = {
			isa = PBXGroup;
			children = (
				50A6E43F1BD6BE290091D957 /* AppDelegate.swift */,
				50A6E4411BD6BE290091D957 /* RecordSoundsViewController.swift */,
				50A6E4431BD6BE290091D957 /* Main.storyboard */,
				50A6E4461BD6BE290091D957 /* Assets.xcassets */,
				50A6E4481BD6BE290091D957 /* LaunchScreen.storyboard */,
				50A6E44B1BD6BE290091D957 /* Info.plist */,
				50A6E46D1BDC0E530091D957 /* PlaySoundsViewController.swift */,
				507448731BE553BA00BABA72 /* RecordedAudio.swift */,
			);
			path = PitchPerfect;
			sourceTree = "<group>";
		};
		50A6E4531BD6BE290091D957 /* PitchPerfectTests */ = {
			isa = PBXGroup;
			children = (
				50A6E4541BD6BE290091D957 /* PitchPerfectTests.swift */,
				50A6E4561BD6BE290091D957 /* Info.plist */,
			);
			path = PitchPerfectTests;
			sourceTree = "<group>";
		};
		50A6E45E1BD6BE290091D957 /* PitchPerfectUITests */ = {
			isa = PBXGroup;
			children = (
				50A6E45F1BD6BE290091D957 /* PitchPerfectUITests.swift */,
				50A6E4611BD6BE290091D957 /* Info.plist */,
			);
			path = PitchPerfectUITests;
			sourceTree = "<group>";
		};
/* End PBXGroup section */

/* Begin PBXNativeTarget section */
		50A6E43B1BD6BE290091D957 /* PitchPerfect */ = {
			isa = PBXNativeTarget;
			buildConfigurationList = 50A6E4641BD6BE290091D957 /* Build configuration list for PBXNativeTarget "PitchPerfect" */;
			buildPhases = (
				50A6E4381BD6BE290091D957 /* Sources */,
				50A6E4391BD6BE290091D957 /* Frameworks */,
				50A6E43A1BD6BE290091D957 /* Resources */,
			);
			buildRules = (
			);
			dependencies = (
			);
			name = PitchPerfect;
			productName = PitchPerfect;
			productReference = 50A6E43C1BD6BE290091D957 /* PitchPerfect.app */;
			productType = "com.apple.product-type.application";
		};
		50A6E44F1BD6BE290091D957 /* PitchPerfectTests */ = {
			isa = PBXNativeTarget;
			buildConfigurationList = 50A6E4671BD6BE290091D957 /* Build configuration list for PBXNativeTarget "PitchPerfectTests" */;
			buildPhases = (
				50A6E44C1BD6BE290091D957 /* Sources */,
				50A6E44D1BD6BE290091D957 /* Frameworks */,
				50A6E44E1BD6BE290091D957 /* Resources */,
			);
			buildRules = (
			);
			dependencies = (
				50A6E4521BD6BE290091D957 /* PBXTargetDependency */,
			);
			name = PitchPerfectTests;
			productName = PitchPerfectTests;
			productReference = 50A6E4501BD6BE290091D957 /* PitchPerfectTests.xctest */;
			productType = "com.apple.product-type.bundle.unit-test";
		};
		50A6E45A1BD6BE290091D957 /* PitchPerfectUITests */ = {
			isa = PBXNativeTarget;
			buildConfigurationList = 50A6E46A1BD6BE290091D957 /* Build configuration list for PBXNativeTarget "PitchPerfectUITests" */;
			buildPhases = (
				50A6E4571BD6BE290091D957 /* Sources */,
				50A6E4581BD6BE290091D957 /* Frameworks */,
				50A6E4591BD6BE290091D957 /* Resources */,
			);
			buildRules = (
			);
			dependencies = (
				50A6E45D1BD6BE290091D957 /* PBXTargetDependency */,
			);
			name = PitchPerfectUITests;
			productName = PitchPerfectUITests;
			productReference = 50A6E45B1BD6BE290091D957 /* PitchPerfectUITests.xctest */;
			productType = "com.apple.product-type.bundle.ui-testing";
		};
/* End PBXNativeTarget section */

/* Begin PBXProject section */
		50A6E4341BD6BE290091D957 /* Project object */ = {
			isa = PBXProject;
			attributes = {
				LastUpgradeCheck = 0700;
				ORGANIZATIONNAME = "Ostap Horbach";
				TargetAttributes = {
					50A6E43B1BD6BE290091D957 = {
						CreatedOnToolsVersion = 7.0;
					};
					50A6E44F1BD6BE290091D957 = {
						CreatedOnToolsVersion = 7.0;
						TestTargetID = 50A6E43B1BD6BE290091D957;
					};
					50A6E45A1BD6BE290091D957 = {
						CreatedOnToolsVersion = 7.0;
						TestTargetID = 50A6E43B1BD6BE290091D957;
					};
				};
			};
			buildConfigurationList = 50A6E4371BD6BE290091D957 /* Build configuration list for PBXProject "PitchPerfect" */;
			compatibilityVersion = "Xcode 3.2";
			developmentRegion = English;
			hasScannedForEncodings = 0;
			knownRegions = (
				en,
				Base,
			);
			mainGroup = 50A6E4331BD6BE290091D957;
			productRefGroup = 50A6E43D1BD6BE290091D957 /* Products */;
			projectDirPath = "";
			projectRoot = "";
			targets = (
				50A6E43B1BD6BE290091D957 /* PitchPerfect */,
				50A6E44F1BD6BE290091D957 /* PitchPerfectTests */,
				50A6E45A1BD6BE290091D957 /* PitchPerfectUITests */,
			);
		};
/* End PBXProject section */

/* Begin PBXResourcesBuildPhase section */
		50A6E43A1BD6BE290091D957 /* Resources */ = {
			isa = PBXResourcesBuildPhase;
			buildActionMask = 2147483647;
			files = (
				50A6E44A1BD6BE290091D957 /* LaunchScreen.storyboard in Resources */,
				50A6E4471BD6BE290091D957 /* Assets.xcassets in Resources */,
				50A6E4451BD6BE290091D957 /* Main.storyboard in Resources */,
			);
			runOnlyForDeploymentPostprocessing = 0;
		};
		50A6E44E1BD6BE290091D957 /* Resources */ = {
			isa = PBXResourcesBuildPhase;
			buildActionMask = 2147483647;
			files = (
			);
			runOnlyForDeploymentPostprocessing = 0;
		};
		50A6E4591BD6BE290091D957 /* Resources */ = {
			isa = PBXResourcesBuildPhase;
			buildActionMask = 2147483647;
			files = (
			);
			runOnlyForDeploymentPostprocessing = 0;
		};
/* End PBXResourcesBuildPhase section */

/* Begin PBXSourcesBuildPhase section */
		50A6E4381BD6BE290091D957 /* Sources */ = {
			isa = PBXSourcesBuildPhase;
			buildActionMask = 2147483647;
			files = (
				507448741BE553BA00BABA72 /* RecordedAudio.swift in Sources */,
				50A6E4421BD6BE290091D957 /* RecordSoundsViewController.swift in Sources */,
				50A6E46E1BDC0E530091D957 /* PlaySoundsViewController.swift in Sources */,
				50A6E4401BD6BE290091D957 /* AppDelegate.swift in Sources */,
			);
			runOnlyForDeploymentPostprocessing = 0;
		};
		50A6E44C1BD6BE290091D957 /* Sources */ = {
			isa = PBXSourcesBuildPhase;
			buildActionMask = 2147483647;
			files = (
				50A6E4551BD6BE290091D957 /* PitchPerfectTests.swift in Sources */,
			);
			runOnlyForDeploymentPostprocessing = 0;
		};
		50A6E4571BD6BE290091D957 /* Sources */ = {
			isa = PBXSourcesBuildPhase;
			buildActionMask = 2147483647;
			files = (
				50A6E4601BD6BE290091D957 /* PitchPerfectUITests.swift in Sources */,
			);
			runOnlyForDeploymentPostprocessing = 0;
		};
/* End PBXSourcesBuildPhase section */

/* Begin PBXTargetDependency section */
		50A6E4521BD6BE290091D957 /* PBXTargetDependency */ = {
			isa = PBXTargetDependency;
			target = 50A6E43B1BD6BE290091D957 /* PitchPerfect */;
			targetProxy = 50A6E4511BD6BE290091D957 /* PBXContainerItemProxy */;
		};
		50A6E45D1BD6BE290091D957 /* PBXTargetDependency */ = {
			isa = PBXTargetDependency;
			target = 50A6E43B1BD6BE290091D957 /* PitchPerfect */;
			targetProxy = 50A6E45C1BD6BE290091D957 /* PBXContainerItemProxy */;
		};
/* End PBXTargetDependency section */

/* Begin PBXVariantGroup section */
		50A6E4431BD6BE290091D957 /* Main.storyboard */ = {
			isa = PBXVariantGroup;
			children = (
				50A6E4441BD6BE290091D957 /* Base */,
			);
			name = Main.storyboard;
			sourceTree = "<group>";
		};
		50A6E4481BD6BE290091D957 /* LaunchScreen.storyboard */ = {
			isa = PBXVariantGroup;
			children = (
				50A6E4491BD6BE290091D957 /* Base */,
			);
			name = LaunchScreen.storyboard;
			sourceTree = "<group>";
		};
/* End PBXVariantGroup section */

/* Begin XCBuildConfiguration section */
		50A6E4621BD6BE290091D957 /* Debug */ = {
			isa = XCBuildConfiguration;
			buildSettings = {
				ALWAYS_SEARCH_USER_PATHS = NO;
				CLANG_CXX_LANGUAGE_STANDARD = "gnu++0x";
				CLANG_CXX_LIBRARY = "libc++";
				CLANG_ENABLE_MODULES = YES;
				CLANG_ENABLE_OBJC_ARC = YES;
				CLANG_WARN_BOOL_CONVERSION = YES;
				CLANG_WARN_CONSTANT_CONVERSION = YES;
				CLANG_WARN_DIRECT_OBJC_ISA_USAGE = YES_ERROR;
				CLANG_WARN_EMPTY_BODY = YES;
				CLANG_WARN_ENUM_CONVERSION = YES;
				CLANG_WARN_INT_CONVERSION = YES;
				CLANG_WARN_OBJC_ROOT_CLASS = YES_ERROR;
				CLANG_WARN_UNREACHABLE_CODE = YES;
				CLANG_WARN__DUPLICATE_METHOD_MATCH = YES;
				"CODE_SIGN_IDENTITY[sdk=iphoneos*]" = "iPhone Developer";
				COPY_PHASE_STRIP = NO;
				DEBUG_INFORMATION_FORMAT = dwarf;
				ENABLE_STRICT_OBJC_MSGSEND = YES;
				ENABLE_TESTABILITY = YES;
				GCC_C_LANGUAGE_STANDARD = gnu99;
				GCC_DYNAMIC_NO_PIC = NO;
				GCC_NO_COMMON_BLOCKS = YES;
				GCC_OPTIMIZATION_LEVEL = 0;
				GCC_PREPROCESSOR_DEFINITIONS = (
					"DEBUG=1",
					"$(inherited)",
				);
				GCC_WARN_64_TO_32_BIT_CONVERSION = YES;
				GCC_WARN_ABOUT_RETURN_TYPE = YES_ERROR;
				GCC_WARN_UNDECLARED_SELECTOR = YES;
				GCC_WARN_UNINITIALIZED_AUTOS = YES_AGGRESSIVE;
				GCC_WARN_UNUSED_FUNCTION = YES;
				GCC_WARN_UNUSED_VARIABLE = YES;
				IPHONEOS_DEPLOYMENT_TARGET = 9.0;
				MTL_ENABLE_DEBUG_INFO = YES;
				ONLY_ACTIVE_ARCH = YES;
				SDKROOT = iphoneos;
				SWIFT_OPTIMIZATION_LEVEL = "-Onone";
			};
			name = Debug;
		};
		50A6E4631BD6BE290091D957 /* Release */ = {
			isa = XCBuildConfiguration;
			buildSettings = {
				ALWAYS_SEARCH_USER_PATHS = NO;
				CLANG_CXX_LANGUAGE_STANDARD = "gnu++0x";
				CLANG_CXX_LIBRARY = "libc++";
				CLANG_ENABLE_MODULES = YES;
				CLANG_ENABLE_OBJC_ARC = YES;
				CLANG_WARN_BOOL_CONVERSION = YES;
				CLANG_WARN_CONSTANT_CONVERSION = YES;
				CLANG_WARN_DIRECT_OBJC_ISA_USAGE = YES_ERROR;
				CLANG_WARN_EMPTY_BODY = YES;
				CLANG_WARN_ENUM_CONVERSION = YES;
				CLANG_WARN_INT_CONVERSION = YES;
				CLANG_WARN_OBJC_ROOT_CLASS = YES_ERROR;
				CLANG_WARN_UNREACHABLE_CODE = YES;
				CLANG_WARN__DUPLICATE_METHOD_MATCH = YES;
				"CODE_SIGN_IDENTITY[sdk=iphoneos*]" = "iPhone Developer";
				COPY_PHASE_STRIP = NO;
				DEBUG_INFORMATION_FORMAT = "dwarf-with-dsym";
				ENABLE_NS_ASSERTIONS = NO;
				ENABLE_STRICT_OBJC_MSGSEND = YES;
				GCC_C_LANGUAGE_STANDARD = gnu99;
				GCC_NO_COMMON_BLOCKS = YES;
				GCC_WARN_64_TO_32_BIT_CONVERSION = YES;
				GCC_WARN_ABOUT_RETURN_TYPE = YES_ERROR;
				GCC_WARN_UNDECLARED_SELECTOR = YES;
				GCC_WARN_UNINITIALIZED_AUTOS = YES_AGGRESSIVE;
				GCC_WARN_UNUSED_FUNCTION = YES;
				GCC_WARN_UNUSED_VARIABLE = YES;
				IPHONEOS_DEPLOYMENT_TARGET = 9.0;
				MTL_ENABLE_DEBUG_INFO = NO;
				SDKROOT = iphoneos;
				VALIDATE_PRODUCT = YES;
			};
			name = Release;
		};
		50A6E4651BD6BE290091D957 /* Debug */ = {
			isa = XCBuildConfiguration;
			buildSettings = {
				ASSETCATALOG_COMPILER_APPICON_NAME = AppIcon;
				INFOPLIST_FILE = PitchPerfect/Info.plist;
				LD_RUNPATH_SEARCH_PATHS = "$(inherited) @executable_path/Frameworks";
				PRODUCT_BUNDLE_IDENTIFIER = phnx.PitchPerfect;
				PRODUCT_NAME = "$(TARGET_NAME)";
			};
			name = Debug;
		};
		50A6E4661BD6BE290091D957 /* Release */ = {
			isa = XCBuildConfiguration;
			buildSettings = {
				ASSETCATALOG_COMPILER_APPICON_NAME = AppIcon;
				INFOPLIST_FILE = PitchPerfect/Info.plist;
				LD_RUNPATH_SEARCH_PATHS = "$(inherited) @executable_path/Frameworks";
				PRODUCT_BUNDLE_IDENTIFIER = phnx.PitchPerfect;
				PRODUCT_NAME = "$(TARGET_NAME)";
			};
			name = Release;
		};
		50A6E4681BD6BE290091D957 /* Debug */ = {
			isa = XCBuildConfiguration;
			buildSettings = {
				BUNDLE_LOADER = "$(TEST_HOST)";
				INFOPLIST_FILE = PitchPerfectTests/Info.plist;
				LD_RUNPATH_SEARCH_PATHS = "$(inherited) @executable_path/Frameworks @loader_path/Frameworks";
				PRODUCT_BUNDLE_IDENTIFIER = phnx.PitchPerfectTests;
				PRODUCT_NAME = "$(TARGET_NAME)";
				TEST_HOST = "$(BUILT_PRODUCTS_DIR)/PitchPerfect.app/PitchPerfect";
			};
			name = Debug;
		};
		50A6E4691BD6BE290091D957 /* Release */ = {
			isa = XCBuildConfiguration;
			buildSettings = {
				BUNDLE_LOADER = "$(TEST_HOST)";
				INFOPLIST_FILE = PitchPerfectTests/Info.plist;
				LD_RUNPATH_SEARCH_PATHS = "$(inherited) @executable_path/Frameworks @loader_path/Frameworks";
				PRODUCT_BUNDLE_IDENTIFIER = phnx.PitchPerfectTests;
				PRODUCT_NAME = "$(TARGET_NAME)";
				TEST_HOST = "$(BUILT_PRODUCTS_DIR)/PitchPerfect.app/PitchPerfect";
			};
			name = Release;
		};
		50A6E46B1BD6BE290091D957 /* Debug */ = {
			isa = XCBuildConfiguration;
			buildSettings = {
				INFOPLIST_FILE = PitchPerfectUITests/Info.plist;
				LD_RUNPATH_SEARCH_PATHS = "$(inherited) @executable_path/Frameworks @loader_path/Frameworks";
				PRODUCT_BUNDLE_IDENTIFIER = phnx.PitchPerfectUITests;
				PRODUCT_NAME = "$(TARGET_NAME)";
				TEST_TARGET_NAME = PitchPerfect;
				USES_XCTRUNNER = YES;
			};
			name = Debug;
		};
		50A6E46C1BD6BE290091D957 /* Release */ = {
			isa = XCBuildConfiguration;
			buildSettings = {
				INFOPLIST_FILE = PitchPerfectUITests/Info.plist;
				LD_RUNPATH_SEARCH_PATHS = "$(inherited) @executable_path/Frameworks @loader_path/Frameworks";
				PRODUCT_BUNDLE_IDENTIFIER = phnx.PitchPerfectUITests;
				PRODUCT_NAME = "$(TARGET_NAME)";
				TEST_TARGET_NAME = PitchPerfect;
				USES_XCTRUNNER = YES;
			};
			name = Release;
		};
/* End XCBuildConfiguration section */

/* Begin XCConfigurationList section */
		50A6E4371BD6BE290091D957 /* Build configuration list for PBXProject "PitchPerfect" */ = {
			isa = XCConfigurationList;
			buildConfigurations = (
				50A6E4621BD6BE290091D957 /* Debug */,
				50A6E4631BD6BE290091D957 /* Release */,
			);
			defaultConfigurationIsVisible = 0;
			defaultConfigurationName = Release;
		};
		50A6E4641BD6BE290091D957 /* Build configuration list for PBXNativeTarget "PitchPerfect" */ = {
			isa = XCConfigurationList;
			buildConfigurations = (
				50A6E4651BD6BE290091D957 /* Debug */,
				50A6E4661BD6BE290091D957 /* Release */,
			);
			defaultConfigurationIsVisible = 0;
			defaultConfigurationName = Release;
		};
		50A6E4671BD6BE290091D957 /* Build configuration list for PBXNativeTarget "PitchPerfectTests" */ = {
			isa = XCConfigurationList;
			buildConfigurations = (
				50A6E4681BD6BE290091D957 /* Debug */,
				50A6E4691BD6BE290091D957 /* Release */,
			);
			defaultConfigurationIsVisible = 0;
			defaultConfigurationName = Release;
		};
		50A6E46A1BD6BE290091D957 /* Build configuration list for PBXNativeTarget "PitchPerfectUITests" */ = {
			isa = XCConfigurationList;
			buildConfigurations = (
				50A6E46B1BD6BE290091D957 /* Debug */,
				50A6E46C1BD6BE290091D957 /* Release */,
			);
			defaultConfigurationIsVisible = 0;
			defaultConfigurationName = Release;
		};
/* End XCConfigurationList section */
	};
	rootObject = 50A6E4341BD6BE290091D957 /* Project object */;
}
